{
  "version": 4,
  "terraform_version": "1.0.9",
  "serial": 24,
  "lineage": "6b7d31ff-f7bf-64a1-9eaf-0e678a7bf5de",
  "outputs": {},
  "resources": [
    {
      "mode": "managed",
      "type": "google_compute_firewall",
      "name": "my-firewall",
      "provider": "provider[\"registry.terraform.io/hashicorp/google\"]",
      "instances": [
        {
          "schema_version": 1,
          "attributes": {
            "allow": [
              {
                "ports": [
                  "80",
                  "8080",
                  "22"
                ],
                "protocol": "tcp"
              }
            ],
            "creation_timestamp": "2021-10-19T03:31:16.042-07:00",
            "deny": [],
            "description": "",
            "destination_ranges": [],
            "direction": "INGRESS",
            "disabled": false,
            "enable_logging": null,
            "id": "projects/amplified-asset-328305/global/firewalls/my-terra-firewall",
            "log_config": [],
            "name": "my-terra-firewall",
            "network": "https://www.googleapis.com/compute/v1/projects/amplified-asset-328305/global/networks/terraform-network",
            "priority": 1000,
            "project": "amplified-asset-328305",
            "self_link": "https://www.googleapis.com/compute/v1/projects/amplified-asset-328305/global/firewalls/my-terra-firewall",
            "source_ranges": [
              "0.0.0.0/0"
            ],
            "source_service_accounts": [],
            "source_tags": [],
            "target_service_accounts": [],
            "target_tags": [],
            "timeouts": null
          },
          "sensitive_attributes": [],
          "private": "eyJlMmJmYjczMC1lY2FhLTExZTYtOGY4OC0zNDM2M2JjN2M0YzAiOnsiY3JlYXRlIjoyNDAwMDAwMDAwMDAsImRlbGV0ZSI6MjQwMDAwMDAwMDAwLCJ1cGRhdGUiOjI0MDAwMDAwMDAwMH0sInNjaGVtYV92ZXJzaW9uIjoiMSJ9",
          "dependencies": [
            "google_compute_network.vpc_network"
          ]
        }
      ]
    },
    {
      "mode": "managed",
      "type": "google_compute_instance",
      "name": "vm_instance",
      "provider": "provider[\"registry.terraform.io/hashicorp/google\"]",
      "instances": [
        {
          "schema_version": 6,
          "attributes": {
            "advanced_machine_features": [],
            "allow_stopping_for_update": null,
            "attached_disk": [],
            "boot_disk": [
              {
                "auto_delete": true,
                "device_name": "persistent-disk-0",
                "disk_encryption_key_raw": "",
                "disk_encryption_key_sha256": "",
                "initialize_params": [
                  {
                    "image": "https://www.googleapis.com/compute/v1/projects/centos-cloud/global/images/centos-7-v20210916",
                    "labels": {},
                    "size": 20,
                    "type": "pd-standard"
                  }
                ],
                "kms_key_self_link": "",
                "mode": "READ_WRITE",
                "source": "https://www.googleapis.com/compute/v1/projects/amplified-asset-328305/zones/us-central1-a/disks/sre-terminal"
              }
            ],
            "can_ip_forward": false,
            "confidential_instance_config": [],
            "cpu_platform": "Intel Haswell",
            "current_status": "RUNNING",
            "deletion_protection": false,
            "description": "",
            "desired_status": null,
            "enable_display": false,
            "guest_accelerator": [],
            "hostname": "",
            "id": "projects/amplified-asset-328305/zones/us-central1-a/instances/sre-terminal",
            "instance_id": "9157474863655622585",
            "label_fingerprint": "42WmSpB8rSM=",
            "labels": {},
            "machine_type": "n1-standard-1",
            "metadata": {},
            "metadata_fingerprint": "ESrVkkZceO8=",
            "metadata_startup_script": "#! /bin/bash\n\nyum update\n\nyum install -y yum-utils\n\nyum-config-manager --add-repo https://rpm.releases.hashicorp.com/RHEL/hashicorp.repo\n\nyum -y install terraform\n\nyum-config-manager --add-repo https://download.docker.com/linux/centos/docker-ce.repo\n\nyum install -y docker-ce docker-ce-cli containerd.io\n\nsystemctl start docker\n\nsudo su\n\ndocker pull gcr.io/amplified-asset-328305/my-web-server:latest\n\ndocker run -dp 8082:80 gcr.io/amplified-asset-328305/my-web-server:latest\n\necho Startup script is done.\n",
            "min_cpu_platform": "",
            "name": "sre-terminal",
            "network_interface": [
              {
                "access_config": [
                  {
                    "nat_ip": "34.132.69.195",
                    "network_tier": "PREMIUM",
                    "public_ptr_domain_name": ""
                  }
                ],
                "alias_ip_range": [],
                "ipv6_access_config": [],
                "ipv6_access_type": "",
                "name": "nic0",
                "network": "https://www.googleapis.com/compute/v1/projects/amplified-asset-328305/global/networks/terraform-network",
                "network_ip": "10.128.0.4",
                "nic_type": "",
                "stack_type": "IPV4_ONLY",
                "subnetwork": "https://www.googleapis.com/compute/v1/projects/amplified-asset-328305/regions/us-central1/subnetworks/terraform-network",
                "subnetwork_project": "amplified-asset-328305"
              }
            ],
            "project": "amplified-asset-328305",
            "reservation_affinity": [],
            "resource_policies": [],
            "scheduling": [
              {
                "automatic_restart": true,
                "min_node_cpus": 0,
                "node_affinities": [],
                "on_host_maintenance": "MIGRATE",
                "preemptible": false
              }
            ],
            "scratch_disk": [],
            "self_link": "https://www.googleapis.com/compute/v1/projects/amplified-asset-328305/zones/us-central1-a/instances/sre-terminal",
            "service_account": [],
            "shielded_instance_config": [
              {
                "enable_integrity_monitoring": true,
                "enable_secure_boot": false,
                "enable_vtpm": true
              }
            ],
            "tags": [],
            "tags_fingerprint": "42WmSpB8rSM=",
            "timeouts": null,
            "zone": "us-central1-a"
          },
          "sensitive_attributes": [],
          "private": "eyJlMmJmYjczMC1lY2FhLTExZTYtOGY4OC0zNDM2M2JjN2M0YzAiOnsiY3JlYXRlIjoxMjAwMDAwMDAwMDAwLCJkZWxldGUiOjEyMDAwMDAwMDAwMDAsInVwZGF0ZSI6MTIwMDAwMDAwMDAwMH0sInNjaGVtYV92ZXJzaW9uIjoiNiJ9",
          "dependencies": [
            "google_compute_network.vpc_network"
          ]
        }
      ]
    },
    {
      "mode": "managed",
      "type": "google_compute_network",
      "name": "vpc_network",
      "provider": "provider[\"registry.terraform.io/hashicorp/google\"]",
      "instances": [
        {
          "schema_version": 0,
          "attributes": {
            "auto_create_subnetworks": true,
            "delete_default_routes_on_create": false,
            "description": "",
            "gateway_ipv4": "",
            "id": "projects/amplified-asset-328305/global/networks/terraform-network",
            "mtu": 0,
            "name": "terraform-network",
            "project": "amplified-asset-328305",
            "routing_mode": "REGIONAL",
            "self_link": "https://www.googleapis.com/compute/v1/projects/amplified-asset-328305/global/networks/terraform-network",
            "timeouts": null
          },
          "sensitive_attributes": [],
          "private": "eyJlMmJmYjczMC1lY2FhLTExZTYtOGY4OC0zNDM2M2JjN2M0YzAiOnsiY3JlYXRlIjoyNDAwMDAwMDAwMDAsImRlbGV0ZSI6MjQwMDAwMDAwMDAwLCJ1cGRhdGUiOjI0MDAwMDAwMDAwMH19"
        }
      ]
    },
    {
      "mode": "managed",
      "type": "google_container_cluster",
      "name": "gke-cluster",
      "provider": "provider[\"registry.terraform.io/hashicorp/google\"]",
      "instances": [
        {
          "schema_version": 1,
          "attributes": {
            "addons_config": [
              {
                "cloudrun_config": [],
                "horizontal_pod_autoscaling": [],
                "http_load_balancing": [],
                "network_policy_config": [
                  {
                    "disabled": true
                  }
                ]
              }
            ],
            "authenticator_groups_config": [],
            "cluster_autoscaling": [
              {
                "auto_provisioning_defaults": [],
                "enabled": false,
                "resource_limits": []
              }
            ],
            "cluster_ipv4_cidr": "10.0.0.0/14",
            "database_encryption": [
              {
                "key_name": "",
                "state": "DECRYPTED"
              }
            ],
            "datapath_provider": "",
            "default_max_pods_per_node": null,
            "default_snat_status": [
              {
                "disabled": false
              }
            ],
            "description": "",
            "enable_autopilot": false,
            "enable_binary_authorization": false,
            "enable_intranode_visibility": false,
            "enable_kubernetes_alpha": false,
            "enable_legacy_abac": false,
            "enable_shielded_nodes": false,
            "enable_tpu": false,
            "endpoint": "34.136.89.125",
            "id": "projects/amplified-asset-328305/locations/us-central1/clusters/my-cluster",
            "initial_node_count": 1,
            "instance_group_urls": [
              "https://www.googleapis.com/compute/v1/projects/amplified-asset-328305/zones/us-central1-b/instanceGroups/gke-my-cluster-my-cluster-node-pool-4de1e87b-grp",
              "https://www.googleapis.com/compute/v1/projects/amplified-asset-328305/zones/us-central1-f/instanceGroups/gke-my-cluster-my-cluster-node-pool-cea5fe48-grp",
              "https://www.googleapis.com/compute/v1/projects/amplified-asset-328305/zones/us-central1-a/instanceGroups/gke-my-cluster-my-cluster-node-pool-ef90f594-grp"
            ],
            "ip_allocation_policy": [],
            "label_fingerprint": "a9dc16a7",
            "location": "us-central1",
            "logging_config": [
              {
                "enable_components": [
                  "SYSTEM_COMPONENTS",
                  "WORKLOADS"
                ]
              }
            ],
            "logging_service": "logging.googleapis.com/kubernetes",
            "maintenance_policy": [],
            "master_auth": [
              {
                "client_certificate": "",
                "client_certificate_config": [
                  {
                    "issue_client_certificate": false
                  }
                ],
                "client_key": "",
                "cluster_ca_certificate": "LS0tLS1CRUdJTiBDRVJUSUZJQ0FURS0tLS0tCk1JSUVMRENDQXBTZ0F3SUJBZ0lRUHU1eW1PbEVEMzJJWlVCSDhNazlFekFOQmdrcWhraUc5dzBCQVFzRkFEQXYKTVMwd0t3WURWUVFERXlReVkyUm1abVF5TlMweE1XRTVMVFF6TTJNdE9ESTVaaTFtTkdKak9HTTRNR1kyT1dJdwpJQmNOTWpFeE1ESXdNRFF6TURBNFdoZ1BNakExTVRFd01UTXdOVE13TURoYU1DOHhMVEFyQmdOVkJBTVRKREpqClpHWm1aREkxTFRFeFlUa3RORE16WXkwNE1qbG1MV1kwWW1NNFl6Z3daalk1WWpDQ0FhSXdEUVlKS29aSWh2Y04KQVFFQkJRQURnZ0dQQURDQ0FZb0NnZ0dCQUoySEFmREExWHAyejBUK1BZcTIycXB1SW1WZEtpN0FXMTZYcCtCQwpQU0o0aUpuRW1hZWxPUUtIMXFTZk5MODJ2SGdwWDM0L3NnRE9MSTlZMVpCM0FVQ1Rvb2VHcnVaM2lReWhBTnBkCkZVQThzWTZEMld3NUVUNEZWVUxic3R0WWJEbWxWRklkQVdPdS9pMldTZnE0MndEWUc2NnU5YS8xc2lLWkpOM3UKd0NleDBycjdJMkR6RG1sTjdyTmd5MXdLWVpXKy9zRUw0dG53TW81a2FtNTJUZm5TNS9NUWJDQ2JrV2h3aDBBMAo5SmVpOVdMeG9NdlVrTkFoUzJ4ZGpnWUp1KytFT2pUaHhTbzlBMzI4ZHBHQy91ZWlBUnh0enNFYnlPMkdHMGdMCkUxSTlPZjlRUERuRnM5K2V2K2xacE1Xd21UZllwQlk3YmlaWUlZd3RaeVFuditxcGlIYzRxamQwWnAxaVpXSnIKSFlTOFRhZks2TWpvamQzMHl3UGFoZUpqMjk1VXZGTUx5c2Zxa1pYb01ZUFBHMmhqMGNNUlo5anRVQnc4aXlSdgpPZ3RjRFM4SjcyNWVzQitIV0o4K1VvaTVXeDBUUWJyeHlEZXBrbUIySUNzZlBZNDN6SkdmTllBd00xeEVDdVM0CktONXoyMkdIMW4xazZvUW5rUHc1UlJGUFNRSURBUUFCbzBJd1FEQU9CZ05WSFE4QkFmOEVCQU1DQWdRd0R3WUQKVlIwVEFRSC9CQVV3QXdFQi96QWRCZ05WSFE0RUZnUVVTN05vS3cvRFFWUmYyZ256bG1DVkhSekFjVll3RFFZSgpLb1pJaHZjTkFRRUxCUUFEZ2dHQkFHRnBrK0VzaUhBUnZYQ3A4MjlHYytodkl6RDlhYXVIUWZvd0ZxVHJyVmhPCnpLcUpWRXB1MXFBZnBadTk0dk5kcDdTNXlWZzdjekRpckhCREFJL1VoaTk2MTZsRTBQaVJwcmZLY3BLeHdMdVAKaDFLeXFjMDFGSWlYaUQ5bERYUFcwOXdPMWpzYmRaQTVZN2VCU2UyV1ZlV0FLSnFVRzl5ZExRYThYaDc2N3RscQo3MGVCaytJRFN2cUtxai9NMDN2WlNzUm9UOUR0d0hNY3Q0UW1UOGNnTUFyeVM2MkJaZjFhYkRQVzZBSmprdTZUClJudHEwZzBvYTdyVjN5UE1VWjFaRUJDZDdMN3hsS2M1SitZSkZxMXhlVVdmdDlkdkI4K29PS1hLd1lPVyszdTUKUGdEc0JyQW5TajVoR0NZT0ZyTWZLeXpQWUwzMzZnVmtyb1VHazYrb1Y5TlVVdTlyWjhWQVhoZ3I1d2RGbDlxVApEbEw2blRKS2hEVkJjK2NoYnFtSk5LOVZwb3RuYlR3Q0RNQ3dHbXJOZ0xrdkE2MmJwZ3lrL0hFYkNOU2h4N0UxCkJDVGRjSkN1aUxVYUdwTVJuZVhLS0dsQmdnSlltTDczdmkyMGFHK1IrVGIxeFp2NkhCMUg0S1VVd25LM3J6MTEKMlJYMHAyOS9DNEZwM2xGTXc3TkQ1UT09Ci0tLS0tRU5EIENFUlRJRklDQVRFLS0tLS0K",
                "password": "",
                "username": ""
              }
            ],
            "master_authorized_networks_config": [],
            "master_version": "1.20.10-gke.301",
            "min_master_version": null,
            "monitoring_config": [
              {
                "enable_components": [
                  "SYSTEM_COMPONENTS"
                ]
              }
            ],
            "monitoring_service": "monitoring.googleapis.com/kubernetes",
            "name": "my-cluster",
            "network": "projects/amplified-asset-328305/global/networks/terraform-network",
            "network_policy": [
              {
                "enabled": false,
                "provider": "PROVIDER_UNSPECIFIED"
              }
            ],
            "networking_mode": "ROUTES",
            "node_config": [
              {
                "disk_size_gb": 100,
                "disk_type": "pd-standard",
                "guest_accelerator": [],
                "image_type": "COS_CONTAINERD",
                "labels": {},
                "local_ssd_count": 0,
                "machine_type": "e2-micro",
                "metadata": {
                  "disable-legacy-endpoints": "true"
                },
                "min_cpu_platform": "",
                "oauth_scopes": [
                  "https://www.googleapis.com/auth/logging.write",
                  "https://www.googleapis.com/auth/monitoring"
                ],
                "preemptible": false,
                "service_account": "default",
                "shielded_instance_config": [
                  {
                    "enable_integrity_monitoring": true,
                    "enable_secure_boot": false
                  }
                ],
                "tags": [],
                "taint": [],
                "workload_metadata_config": []
              }
            ],
            "node_locations": [
              "us-central1-a",
              "us-central1-b",
              "us-central1-f"
            ],
            "node_pool": [
              {
                "autoscaling": [],
                "initial_node_count": 1,
                "instance_group_urls": [
                  "https://www.googleapis.com/compute/v1/projects/amplified-asset-328305/zones/us-central1-b/instanceGroupManagers/gke-my-cluster-my-cluster-node-pool-4de1e87b-grp",
                  "https://www.googleapis.com/compute/v1/projects/amplified-asset-328305/zones/us-central1-f/instanceGroupManagers/gke-my-cluster-my-cluster-node-pool-cea5fe48-grp",
                  "https://www.googleapis.com/compute/v1/projects/amplified-asset-328305/zones/us-central1-a/instanceGroupManagers/gke-my-cluster-my-cluster-node-pool-ef90f594-grp"
                ],
                "management": [
                  {
                    "auto_repair": true,
                    "auto_upgrade": true
                  }
                ],
                "max_pods_per_node": 0,
                "name": "my-cluster-node-pool",
                "name_prefix": "",
                "node_config": [
                  {
                    "disk_size_gb": 100,
                    "disk_type": "pd-standard",
                    "guest_accelerator": [],
                    "image_type": "COS_CONTAINERD",
                    "labels": {},
                    "local_ssd_count": 0,
                    "machine_type": "e2-micro",
                    "metadata": {
                      "disable-legacy-endpoints": "true"
                    },
                    "min_cpu_platform": "",
                    "oauth_scopes": [
                      "https://www.googleapis.com/auth/logging.write",
                      "https://www.googleapis.com/auth/monitoring"
                    ],
                    "preemptible": false,
                    "service_account": "default",
                    "shielded_instance_config": [
                      {
                        "enable_integrity_monitoring": true,
                        "enable_secure_boot": false
                      }
                    ],
                    "tags": [],
                    "taint": [],
                    "workload_metadata_config": []
                  }
                ],
                "node_count": 1,
                "node_locations": [
                  "us-central1-a",
                  "us-central1-b",
                  "us-central1-f"
                ],
                "upgrade_settings": [
                  {
                    "max_surge": 1,
                    "max_unavailable": 0
                  }
                ],
                "version": "1.20.10-gke.301"
              }
            ],
            "node_version": "1.20.10-gke.301",
            "operation": null,
            "pod_security_policy_config": [],
            "private_cluster_config": [],
            "private_ipv6_google_access": "",
            "project": "amplified-asset-328305",
            "release_channel": [
              {
                "channel": "REGULAR"
              }
            ],
            "remove_default_node_pool": true,
            "resource_labels": {},
            "resource_usage_export_config": [],
            "self_link": "https://container.googleapis.com/v1beta1/projects/amplified-asset-328305/locations/us-central1/clusters/my-cluster",
            "services_ipv4_cidr": "10.3.240.0/20",
            "subnetwork": "projects/amplified-asset-328305/regions/us-central1/subnetworks/terraform-network",
            "timeouts": null,
            "tpu_ipv4_cidr_block": "",
            "vertical_pod_autoscaling": [],
            "workload_identity_config": []
          },
          "sensitive_attributes": [],
          "private": "eyJlMmJmYjczMC1lY2FhLTExZTYtOGY4OC0zNDM2M2JjN2M0YzAiOnsiY3JlYXRlIjoyNDAwMDAwMDAwMDAwLCJkZWxldGUiOjI0MDAwMDAwMDAwMDAsInJlYWQiOjI0MDAwMDAwMDAwMDAsInVwZGF0ZSI6MzYwMDAwMDAwMDAwMH0sInNjaGVtYV92ZXJzaW9uIjoiMSJ9",
          "dependencies": [
            "google_compute_network.vpc_network"
          ]
        }
      ]
    },
    {
      "mode": "managed",
      "type": "google_container_node_pool",
      "name": "primary_nodes",
      "provider": "provider[\"registry.terraform.io/hashicorp/google\"]",
      "instances": [
        {
          "schema_version": 1,
          "attributes": {
            "autoscaling": [],
            "cluster": "my-cluster",
            "id": "projects/amplified-asset-328305/locations/us-central1/clusters/my-cluster/nodePools/my-cluster-node-pool",
            "initial_node_count": 1,
            "instance_group_urls": [
              "https://www.googleapis.com/compute/v1/projects/amplified-asset-328305/zones/us-central1-b/instanceGroupManagers/gke-my-cluster-my-cluster-node-pool-4de1e87b-grp",
              "https://www.googleapis.com/compute/v1/projects/amplified-asset-328305/zones/us-central1-f/instanceGroupManagers/gke-my-cluster-my-cluster-node-pool-cea5fe48-grp",
              "https://www.googleapis.com/compute/v1/projects/amplified-asset-328305/zones/us-central1-a/instanceGroupManagers/gke-my-cluster-my-cluster-node-pool-ef90f594-grp"
            ],
            "location": "us-central1",
            "management": [
              {
                "auto_repair": true,
                "auto_upgrade": true
              }
            ],
            "max_pods_per_node": null,
            "name": "my-cluster-node-pool",
            "name_prefix": "",
            "node_config": [
              {
                "disk_size_gb": 100,
                "disk_type": "pd-standard",
                "guest_accelerator": [],
                "image_type": "COS_CONTAINERD",
                "labels": {},
                "local_ssd_count": 0,
                "machine_type": "e2-micro",
                "metadata": {
                  "disable-legacy-endpoints": "true"
                },
                "min_cpu_platform": "",
                "oauth_scopes": [
                  "https://www.googleapis.com/auth/logging.write",
                  "https://www.googleapis.com/auth/monitoring"
                ],
                "preemptible": false,
                "service_account": "default",
                "shielded_instance_config": [
                  {
                    "enable_integrity_monitoring": true,
                    "enable_secure_boot": false
                  }
                ],
                "tags": [],
                "taint": [],
                "workload_metadata_config": []
              }
            ],
            "node_count": 1,
            "node_locations": [
              "us-central1-a",
              "us-central1-b",
              "us-central1-f"
            ],
            "operation": null,
            "project": "amplified-asset-328305",
            "timeouts": null,
            "upgrade_settings": [
              {
                "max_surge": 1,
                "max_unavailable": 0
              }
            ],
            "version": "1.20.10-gke.301"
          },
          "sensitive_attributes": [],
          "private": "eyJlMmJmYjczMC1lY2FhLTExZTYtOGY4OC0zNDM2M2JjN2M0YzAiOnsiY3JlYXRlIjoxODAwMDAwMDAwMDAwLCJkZWxldGUiOjE4MDAwMDAwMDAwMDAsInVwZGF0ZSI6MTgwMDAwMDAwMDAwMH0sInNjaGVtYV92ZXJzaW9uIjoiMSJ9",
          "dependencies": [
            "google_container_cluster.gke-cluster",
            "google_compute_network.vpc_network"
          ]
        }
      ]
    }
  ]
}
